
Microsoft Visual Studio Solution File, Format Version 12.00
# Visual Studio Version 17
VisualStudioVersion = 17.9.34607.119
MinimumVisualStudioVersion = 10.0.40219.1
Project("{9A19103F-16F7-4668-BE54-9A1E7A4F7556}") = "NekoVpk", "NekoVpk.csproj", "{3A43BBAE-A9F7-4EDD-A96C-36925CA5B384}"
EndProject
Project("{9A19103F-16F7-4668-BE54-9A1E7A4F7556}") = "NekoVpk.Desktop", "..\NekoVpk.Desktop\NekoVpk.Desktop.csproj", "{7CC3E3E6-437C-41C1-BFBB-19AED9EA8EAF}"
EndProject
Project("{9A19103F-16F7-4668-BE54-9A1E7A4F7556}") = "ValvePak", "..\..\ValvePak\ValvePak\ValvePak\ValvePak.csproj", "{BE76CC4D-AF66-4353-A914-392108648005}"
EndProject
Project("{9A19103F-16F7-4668-BE54-9A1E7A4F7556}") = "Semi.Avalonia", "..\..\..\Semi.Avalonia\src\Semi.Avalonia\Semi.Avalonia.csproj", "{9EDE6815-5274-4131-85B4-500FADB0C9BC}"
EndProject
Project("{9A19103F-16F7-4668-BE54-9A1E7A4F7556}") = "Semi.Avalonia.DataGrid", "..\..\..\Semi.Avalonia\src\Semi.Avalonia.DataGrid\Semi.Avalonia.DataGrid.csproj", "{807593F5-D1D4-4F43-9FB6-FF43885CCF6A}"
EndProject
Project("{9A19103F-16F7-4668-BE54-9A1E7A4F7556}") = "ValveKeyValue", "..\..\ValveKeyValue\ValveKeyValue\ValveKeyValue\ValveKeyValue.csproj", "{5D9ECFC3-C5D2-4EAB-A30A-8FD9DCC03572}"
EndProject
Global
	GlobalSection(SolutionConfigurationPlatforms) = preSolution
		Debug|Any CPU = Debug|Any CPU
		Release|Any CPU = Release|Any CPU
	EndGlobalSection
	GlobalSection(ProjectConfigurationPlatforms) = postSolution
		{3A43BBAE-A9F7-4EDD-A96C-36925CA5B384}.Debug|Any CPU.ActiveCfg = Debug|Any CPU
		{3A43BBAE-A9F7-4EDD-A96C-36925CA5B384}.Debug|Any CPU.Build.0 = Debug|Any CPU
		{3A43BBAE-A9F7-4EDD-A96C-36925CA5B384}.Release|Any CPU.ActiveCfg = Release|Any CPU
		{3A43BBAE-A9F7-4EDD-A96C-36925CA5B384}.Release|Any CPU.Build.0 = Release|Any CPU
		{7CC3E3E6-437C-41C1-BFBB-19AED9EA8EAF}.Debug|Any CPU.ActiveCfg = Debug|Any CPU
		{7CC3E3E6-437C-41C1-BFBB-19AED9EA8EAF}.Debug|Any CPU.Build.0 = Debug|Any CPU
		{7CC3E3E6-437C-41C1-BFBB-19AED9EA8EAF}.Release|Any CPU.ActiveCfg = Release|Any CPU
		{7CC3E3E6-437C-41C1-BFBB-19AED9EA8EAF}.Release|Any CPU.Build.0 = Release|Any CPU
		{BE76CC4D-AF66-4353-A914-392108648005}.Debug|Any CPU.ActiveCfg = Debug|Any CPU
		{BE76CC4D-AF66-4353-A914-392108648005}.Debug|Any CPU.Build.0 = Debug|Any CPU
		{BE76CC4D-AF66-4353-A914-392108648005}.Release|Any CPU.ActiveCfg = Release|Any CPU
		{BE76CC4D-AF66-4353-A914-392108648005}.Release|Any CPU.Build.0 = Release|Any CPU
		{9EDE6815-5274-4131-85B4-500FADB0C9BC}.Debug|Any CPU.ActiveCfg = Debug|Any CPU
		{9EDE6815-5274-4131-85B4-500FADB0C9BC}.Debug|Any CPU.Build.0 = Debug|Any CPU
		{9EDE6815-5274-4131-85B4-500FADB0C9BC}.Release|Any CPU.ActiveCfg = Release|Any CPU
		{9EDE6815-5274-4131-85B4-500FADB0C9BC}.Release|Any CPU.Build.0 = Release|Any CPU
		{807593F5-D1D4-4F43-9FB6-FF43885CCF6A}.Debug|Any CPU.ActiveCfg = Debug|Any CPU
		{807593F5-D1D4-4F43-9FB6-FF43885CCF6A}.Debug|Any CPU.Build.0 = Debug|Any CPU
		{807593F5-D1D4-4F43-9FB6-FF43885CCF6A}.Release|Any CPU.ActiveCfg = Release|Any CPU
		{807593F5-D1D4-4F43-9FB6-FF43885CCF6A}.Release|Any CPU.Build.0 = Release|Any CPU
		{5D9ECFC3-C5D2-4EAB-A30A-8FD9DCC03572}.Debug|Any CPU.ActiveCfg = Debug|Any CPU
		{5D9ECFC3-C5D2-4EAB-A30A-8FD9DCC03572}.Debug|Any CPU.Build.0 = Debug|Any CPU
		{5D9ECFC3-C5D2-4EAB-A30A-8FD9DCC03572}.Release|Any CPU.ActiveCfg = Release|Any CPU
		{5D9ECFC3-C5D2-4EAB-A30A-8FD9DCC03572}.Release|Any CPU.Build.0 = Release|Any CPU
	EndGlobalSection
	GlobalSection(SolutionProperties) = preSolution
		HideSolutionNode = FALSE
	EndGlobalSection
	GlobalSection(ExtensibilityGlobals) = postSolution
		SolutionGuid = {5F77922A-4B21-4399-A4AC-7AC04BE41A0C}
	EndGlobalSection
EndGlobal
